
Microsoft Visual Studio Solution File, Format Version 11.00
# Visual Studio 2010
Project("{FAE04EC0-301F-11D3-BF4B-00C04F79EFBC}") = "Portal_HDFacturacion", "Portal_HDFacturacion\Portal_HDFacturacion.csproj", "{1D0EF500-AA44-4398-B871-4EDF0FE7BC8B}"
EndProject
Project("{FAE04EC0-301F-11D3-BF4B-00C04F79EFBC}") = "HDFacturacionDTE.IData", "HDFacturacionDTE.IData\HDFacturacionDTE.IData.csproj", "{C74F4099-0E85-42A6-BC7A-DC7E2E550996}"
EndProject
Project("{FAE04EC0-301F-11D3-BF4B-00C04F79EFBC}") = "HDFacturacionDTE.Common", "HDFacturacionDTE.Common\HDFacturacionDTE.Common.csproj", "{D5433B98-643C-434A-86C4-6022374302B6}"
EndProject
Project("{FAE04EC0-301F-11D3-BF4B-00C04F79EFBC}") = "HDFacturacionDTE.Entity", "HDFacturacionDTE.Entity\HDFacturacionDTE.Entity.csproj", "{1A75136D-FA3A-42B7-BB5F-2B49E1CC9AB1}"
EndProject
Project("{FAE04EC0-301F-11D3-BF4B-00C04F79EFBC}") = "HDFacturacionDTE.Configuracion", "HDFacturacionDTE.Configuracion\HDFacturacionDTE.Configuracion.csproj", "{13E1C983-B36C-40D7-B551-B9FF92BC2245}"
EndProject
Project("{FAE04EC0-301F-11D3-BF4B-00C04F79EFBC}") = "HDFacturacionDTE.Base", "HDFacturacionDTE.Base\HDFacturacionDTE.Base.csproj", "{FFB2D8AE-8569-43BF-8BD9-3548411A662A}"
EndProject
Project("{FAE04EC0-301F-11D3-BF4B-00C04F79EFBC}") = "HDFacturacionDTE.Data", "HDFacturacionDTE.Data\HDFacturacionDTE.Data.csproj", "{B21D0D0D-040E-4B48-AA98-2EBCEDA9A80D}"
EndProject
Project("{FAE04EC0-301F-11D3-BF4B-00C04F79EFBC}") = "HDFacturacionDTE.Business", "HDFacturacionDTE.Business\HDFacturacionDTE.Business.csproj", "{ABF3A883-E370-4715-9916-1C87B1D0F55A}"
EndProject
Global
	GlobalSection(SolutionConfigurationPlatforms) = preSolution
		Debug|Any CPU = Debug|Any CPU
		Release|Any CPU = Release|Any CPU
	EndGlobalSection
	GlobalSection(ProjectConfigurationPlatforms) = postSolution
		{1D0EF500-AA44-4398-B871-4EDF0FE7BC8B}.Debug|Any CPU.ActiveCfg = Debug|Any CPU
		{1D0EF500-AA44-4398-B871-4EDF0FE7BC8B}.Debug|Any CPU.Build.0 = Debug|Any CPU
		{1D0EF500-AA44-4398-B871-4EDF0FE7BC8B}.Release|Any CPU.ActiveCfg = Release|Any CPU
		{1D0EF500-AA44-4398-B871-4EDF0FE7BC8B}.Release|Any CPU.Build.0 = Release|Any CPU
		{C74F4099-0E85-42A6-BC7A-DC7E2E550996}.Debug|Any CPU.ActiveCfg = Debug|Any CPU
		{C74F4099-0E85-42A6-BC7A-DC7E2E550996}.Debug|Any CPU.Build.0 = Debug|Any CPU
		{C74F4099-0E85-42A6-BC7A-DC7E2E550996}.Release|Any CPU.ActiveCfg = Release|Any CPU
		{C74F4099-0E85-42A6-BC7A-DC7E2E550996}.Release|Any CPU.Build.0 = Release|Any CPU
		{D5433B98-643C-434A-86C4-6022374302B6}.Debug|Any CPU.ActiveCfg = Debug|Any CPU
		{D5433B98-643C-434A-86C4-6022374302B6}.Debug|Any CPU.Build.0 = Debug|Any CPU
		{D5433B98-643C-434A-86C4-6022374302B6}.Release|Any CPU.ActiveCfg = Release|Any CPU
		{D5433B98-643C-434A-86C4-6022374302B6}.Release|Any CPU.Build.0 = Release|Any CPU
		{1A75136D-FA3A-42B7-BB5F-2B49E1CC9AB1}.Debug|Any CPU.ActiveCfg = Debug|Any CPU
		{1A75136D-FA3A-42B7-BB5F-2B49E1CC9AB1}.Debug|Any CPU.Build.0 = Debug|Any CPU
		{1A75136D-FA3A-42B7-BB5F-2B49E1CC9AB1}.Release|Any CPU.ActiveCfg = Release|Any CPU
		{1A75136D-FA3A-42B7-BB5F-2B49E1CC9AB1}.Release|Any CPU.Build.0 = Release|Any CPU
		{13E1C983-B36C-40D7-B551-B9FF92BC2245}.Debug|Any CPU.ActiveCfg = Debug|Any CPU
		{13E1C983-B36C-40D7-B551-B9FF92BC2245}.Debug|Any CPU.Build.0 = Debug|Any CPU
		{13E1C983-B36C-40D7-B551-B9FF92BC2245}.Release|Any CPU.ActiveCfg = Release|Any CPU
		{13E1C983-B36C-40D7-B551-B9FF92BC2245}.Release|Any CPU.Build.0 = Release|Any CPU
		{FFB2D8AE-8569-43BF-8BD9-3548411A662A}.Debug|Any CPU.ActiveCfg = Debug|Any CPU
		{FFB2D8AE-8569-43BF-8BD9-3548411A662A}.Debug|Any CPU.Build.0 = Debug|Any CPU
		{FFB2D8AE-8569-43BF-8BD9-3548411A662A}.Release|Any CPU.ActiveCfg = Release|Any CPU
		{FFB2D8AE-8569-43BF-8BD9-3548411A662A}.Release|Any CPU.Build.0 = Release|Any CPU
		{B21D0D0D-040E-4B48-AA98-2EBCEDA9A80D}.Debug|Any CPU.ActiveCfg = Debug|Any CPU
		{B21D0D0D-040E-4B48-AA98-2EBCEDA9A80D}.Debug|Any CPU.Build.0 = Debug|Any CPU
		{B21D0D0D-040E-4B48-AA98-2EBCEDA9A80D}.Release|Any CPU.ActiveCfg = Release|Any CPU
		{B21D0D0D-040E-4B48-AA98-2EBCEDA9A80D}.Release|Any CPU.Build.0 = Release|Any CPU
		{ABF3A883-E370-4715-9916-1C87B1D0F55A}.Debug|Any CPU.ActiveCfg = Debug|Any CPU
		{ABF3A883-E370-4715-9916-1C87B1D0F55A}.Debug|Any CPU.Build.0 = Debug|Any CPU
		{ABF3A883-E370-4715-9916-1C87B1D0F55A}.Release|Any CPU.ActiveCfg = Release|Any CPU
		{ABF3A883-E370-4715-9916-1C87B1D0F55A}.Release|Any CPU.Build.0 = Release|Any CPU
	EndGlobalSection
	GlobalSection(SolutionProperties) = preSolution
		HideSolutionNode = FALSE
	EndGlobalSection
EndGlobal
