
Microsoft Visual Studio Solution File, Format Version 12.00
# Visual Studio Version 16
VisualStudioVersion = 16.0.32413.511
MinimumVisualStudioVersion = 10.0.40219.1
Project("{FAE04EC0-301F-11D3-BF4B-00C04F79EFBC}") = "HDLIbreriaSUNAT", "HDLIbreriaSUNAT\HDLIbreriaSUNAT.csproj", "{130391B6-E84B-4A76-8A23-9C249375A81A}"
EndProject
Project("{FAE04EC0-301F-11D3-BF4B-00C04F79EFBC}") = "ConsolaDesarrollo", "ConsolaDesarrollo\ConsolaDesarrollo.csproj", "{0C71FCFE-D56D-4CF9-8555-A899794B6CB0}"
EndProject
Project("{FAE04EC0-301F-11D3-BF4B-00C04F79EFBC}") = "HD_CONFORMIDAD_WS", "HD_CONFORMIDAD_WS\HD_CONFORMIDAD_WS.csproj", "{93BA7E45-BC07-4BA1-8967-4C9681ECF058}"
EndProject
Project("{FAE04EC0-301F-11D3-BF4B-00C04F79EFBC}") = "HD_RVIE_WS", "HD_RVIE_WS\HD_RVIE_WS.csproj", "{42E8B794-95E5-4A16-B3FF-2C602A7DCBF4}"
EndProject
Global
	GlobalSection(SolutionConfigurationPlatforms) = preSolution
		Debug|Any CPU = Debug|Any CPU
		Release|Any CPU = Release|Any CPU
	EndGlobalSection
	GlobalSection(ProjectConfigurationPlatforms) = postSolution
		{130391B6-E84B-4A76-8A23-9C249375A81A}.Debug|Any CPU.ActiveCfg = Debug|Any CPU
		{130391B6-E84B-4A76-8A23-9C249375A81A}.Debug|Any CPU.Build.0 = Debug|Any CPU
		{130391B6-E84B-4A76-8A23-9C249375A81A}.Release|Any CPU.ActiveCfg = Release|Any CPU
		{130391B6-E84B-4A76-8A23-9C249375A81A}.Release|Any CPU.Build.0 = Release|Any CPU
		{0C71FCFE-D56D-4CF9-8555-A899794B6CB0}.Debug|Any CPU.ActiveCfg = Debug|Any CPU
		{0C71FCFE-D56D-4CF9-8555-A899794B6CB0}.Debug|Any CPU.Build.0 = Debug|Any CPU
		{0C71FCFE-D56D-4CF9-8555-A899794B6CB0}.Release|Any CPU.ActiveCfg = Release|Any CPU
		{0C71FCFE-D56D-4CF9-8555-A899794B6CB0}.Release|Any CPU.Build.0 = Release|Any CPU
		{93BA7E45-BC07-4BA1-8967-4C9681ECF058}.Debug|Any CPU.ActiveCfg = Debug|Any CPU
		{93BA7E45-BC07-4BA1-8967-4C9681ECF058}.Debug|Any CPU.Build.0 = Debug|Any CPU
		{93BA7E45-BC07-4BA1-8967-4C9681ECF058}.Release|Any CPU.ActiveCfg = Release|Any CPU
		{93BA7E45-BC07-4BA1-8967-4C9681ECF058}.Release|Any CPU.Build.0 = Release|Any CPU
		{42E8B794-95E5-4A16-B3FF-2C602A7DCBF4}.Debug|Any CPU.ActiveCfg = Debug|Any CPU
		{42E8B794-95E5-4A16-B3FF-2C602A7DCBF4}.Debug|Any CPU.Build.0 = Debug|Any CPU
		{42E8B794-95E5-4A16-B3FF-2C602A7DCBF4}.Release|Any CPU.ActiveCfg = Release|Any CPU
		{42E8B794-95E5-4A16-B3FF-2C602A7DCBF4}.Release|Any CPU.Build.0 = Release|Any CPU
	EndGlobalSection
	GlobalSection(SolutionProperties) = preSolution
		HideSolutionNode = FALSE
	EndGlobalSection
	GlobalSection(ExtensibilityGlobals) = postSolution
		SolutionGuid = {41A1CA30-8799-413C-89D9-2F26F480D540}
	EndGlobalSection
EndGlobal
